
Microsoft Visual Studio Solution File, Format Version 12.00
# Visual Studio 15
VisualStudioVersion = 15.0.27428.2037
MinimumVisualStudioVersion = 10.0.40219.1
Project("{888888A0-9F3D-457C-B088-3A5042F75D52}") = "spotify_member_api", "spotify_member_api.pyproj", "{E1D17122-3431-41C2-B063-AAC63FE95B96}"
EndProject
Project("{888888A0-9F3D-457C-B088-3A5042F75D52}") = "rstown-shop", "..\rstown-shop\rstown-shop.pyproj", "{20744C97-5AD7-43FC-A73A-8E7F4CEA2FDA}"
EndProject
Global
	GlobalSection(SolutionConfigurationPlatforms) = preSolution
		Debug|Any CPU = Debug|Any CPU
		Release|Any CPU = Release|Any CPU
	EndGlobalSection
	GlobalSection(ProjectConfigurationPlatforms) = postSolution
		{E1D17122-3431-41C2-B063-AAC63FE95B96}.Debug|Any CPU.ActiveCfg = Debug|Any CPU
		{E1D17122-3431-41C2-B063-AAC63FE95B96}.Release|Any CPU.ActiveCfg = Release|Any CPU
		{20744C97-5AD7-43FC-A73A-8E7F4CEA2FDA}.Debug|Any CPU.ActiveCfg = Debug|Any CPU
		{20744C97-5AD7-43FC-A73A-8E7F4CEA2FDA}.Release|Any CPU.ActiveCfg = Release|Any CPU
	EndGlobalSection
	GlobalSection(SolutionProperties) = preSolution
		HideSolutionNode = FALSE
	EndGlobalSection
	GlobalSection(ExtensibilityGlobals) = postSolution
		SolutionGuid = {8E68068E-7DB7-415E-A00B-EC49DCD811DA}
	EndGlobalSection
EndGlobal
